
Microsoft Visual Studio Solution File, Format Version 12.00
# Visual Studio 15
VisualStudioVersion = 15.0.28010.2050
MinimumVisualStudioVersion = 10.0.40219.1
Project("{FAE04EC0-301F-11D3-BF4B-00C04F79EFBC}") = "Mansilla_Francisco_TP_1", "Mansilla_Francisco_TP_1\Mansilla_Francisco_TP_1.csproj", "{22AAE4E9-3F41-485C-BEF2-318C68AD4919}"
EndProject
Global
	GlobalSection(SolutionConfigurationPlatforms) = preSolution
		Debug|Any CPU = Debug|Any CPU
		Release|Any CPU = Release|Any CPU
	EndGlobalSection
	GlobalSection(ProjectConfigurationPlatforms) = postSolution
		{22AAE4E9-3F41-485C-BEF2-318C68AD4919}.Debug|Any CPU.ActiveCfg = Debug|Any CPU
		{22AAE4E9-3F41-485C-BEF2-318C68AD4919}.Debug|Any CPU.Build.0 = Debug|Any CPU
		{22AAE4E9-3F41-485C-BEF2-318C68AD4919}.Release|Any CPU.ActiveCfg = Release|Any CPU
		{22AAE4E9-3F41-485C-BEF2-318C68AD4919}.Release|Any CPU.Build.0 = Release|Any CPU
	EndGlobalSection
	GlobalSection(SolutionProperties) = preSolution
		HideSolutionNode = FALSE
	EndGlobalSection
	GlobalSection(ExtensibilityGlobals) = postSolution
		SolutionGuid = {2AEAEFB4-D43A-4672-91C1-1E25CB377DBF}
	EndGlobalSection
EndGlobal
